
Microsoft Visual Studio Solution File, Format Version 12.00
# Visual Studio Version 17
VisualStudioVersion = 17.7.34031.279
MinimumVisualStudioVersion = 10.0.40219.1
Project("{FAE04EC0-301F-11D3-BF4B-00C04F79EFBC}") = "MyWebApp", "MyFirstGitHubActionWebApp\MyWebApp.csproj", "{C8FAE3FB-BAEE-449B-839E-3E40B30678F9}"
EndProject
Global
	GlobalSection(SolutionConfigurationPlatforms) = preSolution
		Debug|Any CPU = Debug|Any CPU
		Release|Any CPU = Release|Any CPU
	EndGlobalSection
	GlobalSection(ProjectConfigurationPlatforms) = postSolution
		{C8FAE3FB-BAEE-449B-839E-3E40B30678F9}.Debug|Any CPU.ActiveCfg = Debug|Any CPU
		{C8FAE3FB-BAEE-449B-839E-3E40B30678F9}.Debug|Any CPU.Build.0 = Debug|Any CPU
		{C8FAE3FB-BAEE-449B-839E-3E40B30678F9}.Release|Any CPU.ActiveCfg = Release|Any CPU
		{C8FAE3FB-BAEE-449B-839E-3E40B30678F9}.Release|Any CPU.Build.0 = Release|Any CPU
	EndGlobalSection
	GlobalSection(SolutionProperties) = preSolution
		HideSolutionNode = FALSE
	EndGlobalSection
	GlobalSection(ExtensibilityGlobals) = postSolution
		SolutionGuid = {696425DE-A315-48BD-AF45-E6B0E3979186}
	EndGlobalSection
EndGlobal
